
Microsoft Visual Studio Solution File, Format Version 12.00
# Visual Studio 15
VisualStudioVersion = 15.0.27428.2027
MinimumVisualStudioVersion = 10.0.40219.1
Project("{FAE04EC0-301F-11D3-BF4B-00C04F79EFBC}") = "DesktopCharacter", "DesktopCharacter\DesktopCharacter.csproj", "{6AC96BAC-00A6-4D39-B1E3-F18AFE854F5E}"
EndProject
Global
	GlobalSection(SolutionConfigurationPlatforms) = preSolution
		Debug|Any CPU = Debug|Any CPU
		Release|Any CPU = Release|Any CPU
	EndGlobalSection
	GlobalSection(ProjectConfigurationPlatforms) = postSolution
		{6AC96BAC-00A6-4D39-B1E3-F18AFE854F5E}.Debug|Any CPU.ActiveCfg = Debug|Any CPU
		{6AC96BAC-00A6-4D39-B1E3-F18AFE854F5E}.Debug|Any CPU.Build.0 = Debug|Any CPU
		{6AC96BAC-00A6-4D39-B1E3-F18AFE854F5E}.Release|Any CPU.ActiveCfg = Release|Any CPU
		{6AC96BAC-00A6-4D39-B1E3-F18AFE854F5E}.Release|Any CPU.Build.0 = Release|Any CPU
	EndGlobalSection
	GlobalSection(SolutionProperties) = preSolution
		HideSolutionNode = FALSE
	EndGlobalSection
	GlobalSection(ExtensibilityGlobals) = postSolution
		SolutionGuid = {27694EBD-39D4-49B0-8246-AFAB28FC5EB5}
	EndGlobalSection
EndGlobal
